
Microsoft Visual Studio Solution File, Format Version 12.00
# Visual Studio Version 16
VisualStudioVersion = 16.0.30523.141
MinimumVisualStudioVersion = 10.0.40219.1
Project("{9A19103F-16F7-4668-BE54-9A1E7A4F7556}") = "KampIntro", "KampIntro\KampIntro.csproj", "{E07DFA91-B354-4A40-931C-97493B9153B0}"
EndProject
Project("{9A19103F-16F7-4668-BE54-9A1E7A4F7556}") = "Donguler", "Donguler\Donguler.csproj", "{B851B02D-22B0-4E0B-8BB0-C00E982325D1}"
EndProject
Project("{9A19103F-16F7-4668-BE54-9A1E7A4F7556}") = "Metotlar", "Metotlar\Metotlar.csproj", "{4F157357-6289-4E3C-BA57-C007256D10A3}"
EndProject
Project("{FAE04EC0-301F-11D3-BF4B-00C04F79EFBC}") = "DegerVeReferansTipler", "DegerVeReferansTipler\DegerVeReferansTipler.csproj", "{38C50190-7358-4871-8BBD-E98CE881F470}"
EndProject
Global
	GlobalSection(SolutionConfigurationPlatforms) = preSolution
		Debug|Any CPU = Debug|Any CPU
		Release|Any CPU = Release|Any CPU
	EndGlobalSection
	GlobalSection(ProjectConfigurationPlatforms) = postSolution
		{E07DFA91-B354-4A40-931C-97493B9153B0}.Debug|Any CPU.ActiveCfg = Debug|Any CPU
		{E07DFA91-B354-4A40-931C-97493B9153B0}.Debug|Any CPU.Build.0 = Debug|Any CPU
		{E07DFA91-B354-4A40-931C-97493B9153B0}.Release|Any CPU.ActiveCfg = Release|Any CPU
		{E07DFA91-B354-4A40-931C-97493B9153B0}.Release|Any CPU.Build.0 = Release|Any CPU
		{B851B02D-22B0-4E0B-8BB0-C00E982325D1}.Debug|Any CPU.ActiveCfg = Debug|Any CPU
		{B851B02D-22B0-4E0B-8BB0-C00E982325D1}.Debug|Any CPU.Build.0 = Debug|Any CPU
		{B851B02D-22B0-4E0B-8BB0-C00E982325D1}.Release|Any CPU.ActiveCfg = Release|Any CPU
		{B851B02D-22B0-4E0B-8BB0-C00E982325D1}.Release|Any CPU.Build.0 = Release|Any CPU
		{4F157357-6289-4E3C-BA57-C007256D10A3}.Debug|Any CPU.ActiveCfg = Debug|Any CPU
		{4F157357-6289-4E3C-BA57-C007256D10A3}.Debug|Any CPU.Build.0 = Debug|Any CPU
		{4F157357-6289-4E3C-BA57-C007256D10A3}.Release|Any CPU.ActiveCfg = Release|Any CPU
		{4F157357-6289-4E3C-BA57-C007256D10A3}.Release|Any CPU.Build.0 = Release|Any CPU
		{38C50190-7358-4871-8BBD-E98CE881F470}.Debug|Any CPU.ActiveCfg = Debug|Any CPU
		{38C50190-7358-4871-8BBD-E98CE881F470}.Debug|Any CPU.Build.0 = Debug|Any CPU
		{38C50190-7358-4871-8BBD-E98CE881F470}.Release|Any CPU.ActiveCfg = Release|Any CPU
		{38C50190-7358-4871-8BBD-E98CE881F470}.Release|Any CPU.Build.0 = Release|Any CPU
	EndGlobalSection
	GlobalSection(SolutionProperties) = preSolution
		HideSolutionNode = FALSE
	EndGlobalSection
	GlobalSection(ExtensibilityGlobals) = postSolution
		SolutionGuid = {25D5FD42-55E1-44D7-92DD-FC50F5209AC4}
	EndGlobalSection
EndGlobal
